
Microsoft Visual Studio Solution File, Format Version 12.00
# Visual Studio Version 16
VisualStudioVersion = 16.0.31424.327
MinimumVisualStudioVersion = 10.0.40219.1
Project("{FAE04EC0-301F-11D3-BF4B-00C04F79EFBC}") = "HelloCat", "HelloCat.csproj", "{20589AD3-51C4-4468-89A4-713BEA7DD370}"
EndProject
Global
	GlobalSection(SolutionConfigurationPlatforms) = preSolution
		Debug|Any CPU = Debug|Any CPU
		Release|Any CPU = Release|Any CPU
	EndGlobalSection
	GlobalSection(ProjectConfigurationPlatforms) = postSolution
		{20589AD3-51C4-4468-89A4-713BEA7DD370}.Debug|Any CPU.ActiveCfg = Debug|Any CPU
		{20589AD3-51C4-4468-89A4-713BEA7DD370}.Debug|Any CPU.Build.0 = Debug|Any CPU
		{20589AD3-51C4-4468-89A4-713BEA7DD370}.Release|Any CPU.ActiveCfg = Release|Any CPU
		{20589AD3-51C4-4468-89A4-713BEA7DD370}.Release|Any CPU.Build.0 = Release|Any CPU
	EndGlobalSection
	GlobalSection(SolutionProperties) = preSolution
		HideSolutionNode = FALSE
	EndGlobalSection
	GlobalSection(ExtensibilityGlobals) = postSolution
		SolutionGuid = {15BA5CF9-E588-4A24-8712-E8628C52C777}
	EndGlobalSection
EndGlobal
